<Solution>
  <Folder Name="/Task0/">
    <Project Path="Tyuiu.RakhimzyanovDI.Sprint1.Task0.V27.Lib/Tyuiu.RakhimzyanovDI.Sprint1.Task0.V27.Lib.csproj" />
    <Project Path="Tyuiu.RakhimzyanovDI.Sprint1.Task0.V27.Test/Tyuiu.RakhimzyanovDI.Sprint1.Task0.V27.Test.csproj" />
    <Project Path="Tyuiu.RakhimzyanovDI.Sprint1.Task0.V27/Tyuiu.RakhimzyanovDI.Sprint1.Task0.V27.csproj" />
  </Folder>
  <Folder Name="/Task1/">
    <Project Path="Tyuiu.RakhimzyanovDI.Sprint1.Task1.V16.Lib/Tyuiu.RakhimzyanovDI.Sprint1.Task1.V16.Lib.csproj" />
    <Project Path="Tyuiu.RakhimzyanovDI.Sprint1.Task1.V16.Test/Tyuiu.RakhimzyanovDI.Sprint1.Task1.V16.Test.csproj" />
    <Project Path="Tyuiu.RakhimzyanovDI.Sprint1.Task1.V16/Tyuiu.RakhimzyanovDI.Sprint1.Task1.V16.csproj" />
  </Folder>
  <Folder Name="/Task2/">
    <Project Path="Tyuiu.RakhimzyanovDI.Sprint1.Task2.V17.Lib/Tyuiu.RakhimzyanovDI.Sprint1.Task2.V17.Lib.csproj" />
    <Project Path="Tyuiu.RakhimzyanovDI.Sprint1.Task2.V17.Test/Tyuiu.RakhimzyanovDI.Sprint1.Task2.V17.Test.csproj" />
    <Project Path="Tyuiu.RakhimzyanovDI.Sprint1.Task2.V17/Tyuiu.RakhimzyanovDI.Sprint1.Task2.V17.csproj" />
  </Folder>
  <Folder Name="/Task3/">
    <Project Path="Tyuiu.RakhimzyanovDI.Sprint1.Task3.V17.Lib/Tyuiu.RakhimzyanovDI.Sprint1.Task3.V17.Lib.csproj" Id="1000778a-8ff0-48ca-9dee-8c5f74385239" />
    <Project Path="Tyuiu.RakhimzyanovDI.Sprint1.Task3.V17.Test/Tyuiu.RakhimzyanovDI.Sprint1.Task3.V17.Test.csproj" Id="4e9b5d6d-f90b-41c3-97f7-76861e2dafec" />
    <Project Path="Tyuiu.RakhimzyanovDI.Sprint1.Task3.V17/Tyuiu.RakhimzyanovDI.Sprint1.Task3.V17.csproj" Id="d543e5df-6750-4932-9ea2-c14e8f36fbdc" />
  </Folder>
  <Folder Name="/Task4/">
    <Project Path="Tyuiu.RakhimzyanovDI.Sprint1.Task4.V22.Lib/Tyuiu.RakhimzyanovDI.Sprint1.Task4.V22.Lib.csproj" Id="2a00ae32-bc23-4083-9d59-5927eaf5a47f" />
    <Project Path="Tyuiu.RakhimzyanovDI.Sprint1.Task4.V22.Test/Tyuiu.RakhimzyanovDI.Sprint1.Task4.V22.Test.csproj" Id="66fc0125-9fe5-4dff-9e7d-bd48f37ec1a3" />
    <Project Path="Tyuiu.RakhimzyanovDI.Sprint1.Task4.V22/Tyuiu.RakhimzyanovDI.Sprint1.Task4.V22.csproj" Id="f60e445d-7398-4342-83eb-3071c49109a9" />
  </Folder>
</Solution>
