<Solution>
  <Folder Name="/Task0/">
    <Project Path="Tyuiu.RakhimzyanovDI.Sprint1.Task0.V27.Lib/Tyuiu.RakhimzyanovDI.Sprint1.Task0.V27.Lib.csproj" />
    <Project Path="Tyuiu.RakhimzyanovDI.Sprint1.Task0.V27.Test/Tyuiu.RakhimzyanovDI.Sprint1.Task0.V27.Test.csproj" />
    <Project Path="Tyuiu.RakhimzyanovDI.Sprint1.Task0.V27/Tyuiu.RakhimzyanovDI.Sprint1.Task0.V27.csproj" />
  </Folder>
  <Folder Name="/Task1/">
    <Project Path="Tyuiu.RakhimzyanovDI.Sprint1.Task1.V16.Lib/Tyuiu.RakhimzyanovDI.Sprint1.Task1.V16.Lib.csproj" />
    <Project Path="Tyuiu.RakhimzyanovDI.Sprint1.Task1.V16.Test/Tyuiu.RakhimzyanovDI.Sprint1.Task1.V16.Test.csproj" />
    <Project Path="Tyuiu.RakhimzyanovDI.Sprint1.Task1.V16/Tyuiu.RakhimzyanovDI.Sprint1.Task1.V16.csproj" />
  </Folder>
  <Folder Name="/Task2/">
    <Project Path="Tyuiu.RakhimzyanovDI.Sprint1.Task2.V17.Lib/Tyuiu.RakhimzyanovDI.Sprint1.Task2.V17.Lib.csproj" />
    <Project Path="Tyuiu.RakhimzyanovDI.Sprint1.Task2.V17.Test/Tyuiu.RakhimzyanovDI.Sprint1.Task2.V17.Test.csproj" />
    <Project Path="Tyuiu.RakhimzyanovDI.Sprint1.Task2.V17/Tyuiu.RakhimzyanovDI.Sprint1.Task2.V17.csproj" />
  </Folder>
</Solution>
